
Microsoft Visual Studio Solution File, Format Version 12.00
# Visual Studio 2013
VisualStudioVersion = 12.0.0.0
MinimumVisualStudioVersion = 10.0.0.1
Project("{FAE04EC0-301F-11D3-BF4B-00C04F79EFBC}") = "Leaves", "Leaves.csproj", "{A5CD48D5-FE93-4354-A037-45533A378CD5}"
EndProject
Project("{F2A71F9B-5D33-465A-A702-920D77279786}") = "Leaves.Parser", "Leaves.Parser\Leaves.Parser.fsproj", "{C23AF5A4-4DCB-4332-90A7-833DCCA8E736}"
EndProject
Project("{FAE04EC0-301F-11D3-BF4B-00C04F79EFBC}") = "Leaves.Client", "Leaves.Client\Leaves.Client.csproj", "{35BB5D9F-1F1A-4326-B7E4-948CC7FDAB24}"
EndProject
Global
	GlobalSection(SolutionConfigurationPlatforms) = preSolution
		Debug|Any CPU = Debug|Any CPU
		Release|Any CPU = Release|Any CPU
	EndGlobalSection
	GlobalSection(ProjectConfigurationPlatforms) = postSolution
		{A5CD48D5-FE93-4354-A037-45533A378CD5}.Debug|Any CPU.ActiveCfg = Debug|Any CPU
		{A5CD48D5-FE93-4354-A037-45533A378CD5}.Debug|Any CPU.Build.0 = Debug|Any CPU
		{A5CD48D5-FE93-4354-A037-45533A378CD5}.Release|Any CPU.ActiveCfg = Release|Any CPU
		{A5CD48D5-FE93-4354-A037-45533A378CD5}.Release|Any CPU.Build.0 = Release|Any CPU
		{C23AF5A4-4DCB-4332-90A7-833DCCA8E736}.Debug|Any CPU.ActiveCfg = Debug|Any CPU
		{C23AF5A4-4DCB-4332-90A7-833DCCA8E736}.Debug|Any CPU.Build.0 = Debug|Any CPU
		{C23AF5A4-4DCB-4332-90A7-833DCCA8E736}.Release|Any CPU.ActiveCfg = Release|Any CPU
		{C23AF5A4-4DCB-4332-90A7-833DCCA8E736}.Release|Any CPU.Build.0 = Release|Any CPU
		{35BB5D9F-1F1A-4326-B7E4-948CC7FDAB24}.Debug|Any CPU.ActiveCfg = Debug|Any CPU
		{35BB5D9F-1F1A-4326-B7E4-948CC7FDAB24}.Debug|Any CPU.Build.0 = Debug|Any CPU
		{35BB5D9F-1F1A-4326-B7E4-948CC7FDAB24}.Release|Any CPU.ActiveCfg = Release|Any CPU
		{35BB5D9F-1F1A-4326-B7E4-948CC7FDAB24}.Release|Any CPU.Build.0 = Release|Any CPU
	EndGlobalSection
	GlobalSection(SolutionProperties) = preSolution
		HideSolutionNode = FALSE
	EndGlobalSection
EndGlobal
